// !$*UTF8*$!
{
	archiveVersion = 1;
	classes = {
	};
	objectVersion = 46;
	objects = {

/* Begin PBXBuildFile section */
		27501B801D225F5E00D38180 /* main.m in Sources */ = {isa = PBXBuildFile; fileRef = 27501B7F1D225F5E00D38180 /* main.m */; };
		27501B831D225F5E00D38180 /* AppDelegate.m in Sources */ = {isa = PBXBuildFile; fileRef = 27501B821D225F5E00D38180 /* AppDelegate.m */; };
		27501B861D225F5E00D38180 /* ViewController.m in Sources */ = {isa = PBXBuildFile; fileRef = 27501B851D225F5E00D38180 /* ViewController.m */; };
		27501B891D225F5E00D38180 /* Main.storyboard in Resources */ = {isa = PBXBuildFile; fileRef = 27501B871D225F5E00D38180 /* Main.storyboard */; };
		27501B8B1D225F5E00D38180 /* Assets.xcassets in Resources */ = {isa = PBXBuildFile; fileRef = 27501B8A1D225F5E00D38180 /* Assets.xcassets */; };
		27501B8E1D225F5E00D38180 /* LaunchScreen.storyboard in Resources */ = {isa = PBXBuildFile; fileRef = 27501B8C1D225F5E00D38180 /* LaunchScreen.storyboard */; };
/* End PBXBuildFile section */

/* Begin PBXFileReference section */
		27501B7B1D225F5D00D38180 /* TKMoveButton.app */ = {isa = PBXFileReference; explicitFileType = wrapper.application; includeInIndex = 0; path = TKMoveButton.app; sourceTree = BUILT_PRODUCTS_DIR; };
		27501B7F1D225F5E00D38180 /* main.m */ = {isa = PBXFileReference; lastKnownFileType = sourcecode.c.objc; path = main.m; sourceTree = "<group>"; };
		27501B811D225F5E00D38180 /* AppDelegate.h */ = {isa = PBXFileReference; lastKnownFileType = sourcecode.c.h; path = AppDelegate.h; sourceTree = "<group>"; };
		27501B821D225F5E00D38180 /* AppDelegate.m */ = {isa = PBXFileReference; lastKnownFileType = sourcecode.c.objc; path = AppDelegate.m; sourceTree = "<group>"; };
		27501B841D225F5E00D38180 /* ViewController.h */ = {isa = PBXFileReference; lastKnownFileType = sourcecode.c.h; path = ViewController.h; sourceTree = "<group>"; };
		27501B851D225F5E00D38180 /* ViewController.m */ = {isa = PBXFileReference; lastKnownFileType = sourcecode.c.objc; path = ViewController.m; sourceTree = "<group>"; };
		27501B881D225F5E00D38180 /* Base */ = {isa = PBXFileReference; lastKnownFileType = file.storyboard; name = Base; path = Base.lproj/Main.storyboard; sourceTree = "<group>"; };
		27501B8A1D225F5E00D38180 /* Assets.xcassets */ = {isa = PBXFileReference; lastKnownFileType = folder.assetcatalog; path = Assets.xcassets; sourceTree = "<group>"; };
		27501B8D1D225F5E00D38180 /* Base */ = {isa = PBXFileReference; lastKnownFileType = file.storyboard; name = Base; path = Base.lproj/LaunchScreen.storyboard; sourceTree = "<group>"; };
		27501B8F1D225F5E00D38180 /* Info.plist */ = {isa = PBXFileReference; lastKnownFileType = text.plist.xml; path = Info.plist; sourceTree = "<group>"; };
/* End PBXFileReference section */

/* Begin PBXFrameworksBuildPhase section */
		27501B781D225F5D00D38180 /* Frameworks */ = {
			isa = PBXFrameworksBuildPhase;
			buildActionMask = 2147483647;
			files = (
			);
			runOnlyForDeploymentPostprocessing = 0;
		};
/* End PBXFrameworksBuildPhase section */

/* Begin PBXGroup section */
		27501B721D225F5D00D38180 = {
			isa = PBXGroup;
			children = (
				27501B7D1D225F5E00D38180 /* TKMoveButton */,
				27501B7C1D225F5D00D38180 /* Products */,
			);
			sourceTree = "<group>";
		};
		27501B7C1D225F5D00D38180 /* Products */ = {
			isa = PBXGroup;
			children = (
				27501B7B1D225F5D00D38180 /* TKMoveButton.app */,
			);
			name = Products;
			sourceTree = "<group>";
		};
		27501B7D1D225F5E00D38180 /* TKMoveButton */ = {
			isa = PBXGroup;
			children = (
				27501B811D225F5E00D38180 /* AppDelegate.h */,
				27501B821D225F5E00D38180 /* AppDelegate.m */,
				27501B841D225F5E00D38180 /* ViewController.h */,
				27501B851D225F5E00D38180 /* ViewController.m */,
				27501B871D225F5E00D38180 /* Main.storyboard */,
				27501B8A1D225F5E00D38180 /* Assets.xcassets */,
				27501B8C1D225F5E00D38180 /* LaunchScreen.storyboard */,
				27501B8F1D225F5E00D38180 /* Info.plist */,
				27501B7E1D225F5E00D38180 /* Supporting Files */,
			);
			path = TKMoveButton;
			sourceTree = "<group>";
		};
		27501B7E1D225F5E00D38180 /* Supporting Files */ = {
			isa = PBXGroup;
			children = (
				27501B7F1D225F5E00D38180 /* main.m */,
			);
			name = "Supporting Files";
			sourceTree = "<group>";
		};
/* End PBXGroup section */

/* Begin PBXNativeTarget section */
		27501B7A1D225F5D00D38180 /* TKMoveButton */ = {
			isa = PBXNativeTarget;
			buildConfigurationList = 27501B921D225F5E00D38180 /* Build configuration list for PBXNativeTarget "TKMoveButton" */;
			buildPhases = (
				27501B771D225F5D00D38180 /* Sources */,
				27501B781D225F5D00D38180 /* Frameworks */,
				27501B791D225F5D00D38180 /* Resources */,
			);
			buildRules = (
			);
			dependencies = (
			);
			name = TKMoveButton;
			productName = TKMoveButton;
			productReference = 27501B7B1D225F5D00D38180 /* TKMoveButton.app */;
			productType = "com.apple.product-type.application";
		};
/* End PBXNativeTarget section */

/* Begin PBXProject section */
		27501B731D225F5D00D38180 /* Project object */ = {
			isa = PBXProject;
			attributes = {
				LastUpgradeCheck = 0730;
				ORGANIZATIONNAME = tKyle;
				TargetAttributes = {
					27501B7A1D225F5D00D38180 = {
						CreatedOnToolsVersion = 7.3.1;
						DevelopmentTeam = 7ZK5KSBJ63;
					};
				};
			};
			buildConfigurationList = 27501B761D225F5D00D38180 /* Build configuration list for PBXProject "TKMoveButton" */;
			compatibilityVersion = "Xcode 3.2";
			developmentRegion = English;
			hasScannedForEncodings = 0;
			knownRegions = (
				en,
				Base,
			);
			mainGroup = 27501B721D225F5D00D38180;
			productRefGroup = 27501B7C1D225F5D00D38180 /* Products */;
			projectDirPath = "";
			projectRoot = "";
			targets = (
				27501B7A1D225F5D00D38180 /* TKMoveButton */,
			);
		};
/* End PBXProject section */

/* Begin PBXResourcesBuildPhase section */
		27501B791D225F5D00D38180 /* Resources */ = {
			isa = PBXResourcesBuildPhase;
			buildActionMask = 2147483647;
			files = (
				27501B8E1D225F5E00D38180 /* LaunchScreen.storyboard in Resources */,
				27501B8B1D225F5E00D38180 /* Assets.xcassets in Resources */,
				27501B891D225F5E00D38180 /* Main.storyboard in Resources */,
			);
			runOnlyForDeploymentPostprocessing = 0;
		};
/* End PBXResourcesBuildPhase section */

/* Begin PBXSourcesBuildPhase section */
		27501B771D225F5D00D38180 /* Sources */ = {
			isa = PBXSourcesBuildPhase;
			buildActionMask = 2147483647;
			files = (
				27501B861D225F5E00D38180 /* ViewController.m in Sources */,
				27501B831D225F5E00D38180 /* AppDelegate.m in Sources */,
				27501B801D225F5E00D38180 /* main.m in Sources */,
			);
			runOnlyForDeploymentPostprocessing = 0;
		};
/* End PBXSourcesBuildPhase section */

/* Begin PBXVariantGroup section */
		27501B871D225F5E00D38180 /* Main.storyboard */ = {
			isa = PBXVariantGroup;
			children = (
				27501B881D225F5E00D38180 /* Base */,
			);
			name = Main.storyboard;
			sourceTree = "<group>";
		};
		27501B8C1D225F5E00D38180 /* LaunchScreen.storyboard */ = {
			isa = PBXVariantGroup;
			children = (
				27501B8D1D225F5E00D38180 /* Base */,
			);
			name = LaunchScreen.storyboard;
			sourceTree = "<group>";
		};
/* End PBXVariantGroup section */

/* Begin XCBuildConfiguration section */
		27501B901D225F5E00D38180 /* Debug */ = {
			isa = XCBuildConfiguration;
			buildSettings = {
				ALWAYS_SEARCH_USER_PATHS = NO;
				CLANG_ANALYZER_NONNULL = YES;
				CLANG_CXX_LANGUAGE_STANDARD = "gnu++0x";
				CLANG_CXX_LIBRARY = "libc++";
				CLANG_ENABLE_MODULES = YES;
				CLANG_ENABLE_OBJC_ARC = YES;
				CLANG_WARN_BOOL_CONVERSION = YES;
				CLANG_WARN_CONSTANT_CONVERSION = YES;
				CLANG_WARN_DIRECT_OBJC_ISA_USAGE = YES_ERROR;
				CLANG_WARN_EMPTY_BODY = YES;
				CLANG_WARN_ENUM_CONVERSION = YES;
				CLANG_WARN_INT_CONVERSION = YES;
				CLANG_WARN_OBJC_ROOT_CLASS = YES_ERROR;
				CLANG_WARN_UNREACHABLE_CODE = YES;
				CLANG_WARN__DUPLICATE_METHOD_MATCH = YES;
				"CODE_SIGN_IDENTITY[sdk=iphoneos*]" = "iPhone Developer";
				COPY_PHASE_STRIP = NO;
				DEBUG_INFORMATION_FORMAT = dwarf;
				ENABLE_STRICT_OBJC_MSGSEND = YES;
				ENABLE_TESTABILITY = YES;
				GCC_C_LANGUAGE_STANDARD = gnu99;
				GCC_DYNAMIC_NO_PIC = NO;
				GCC_NO_COMMON_BLOCKS = YES;
				GCC_OPTIMIZATION_LEVEL = 0;
				GCC_PREPROCESSOR_DEFINITIONS = (
					"DEBUG=1",
					"$(inherited)",
				);
				GCC_WARN_64_TO_32_BIT_CONVERSION = YES;
				GCC_WARN_ABOUT_RETURN_TYPE = YES_ERROR;
				GCC_WARN_UNDECLARED_SELECTOR = YES;
				GCC_WARN_UNINITIALIZED_AUTOS = YES_AGGRESSIVE;
				GCC_WARN_UNUSED_FUNCTION = YES;
				GCC_WARN_UNUSED_VARIABLE = YES;
				IPHONEOS_DEPLOYMENT_TARGET = 9.3;
				MTL_ENABLE_DEBUG_INFO = YES;
				ONLY_ACTIVE_ARCH = YES;
				SDKROOT = iphoneos;
			};
			name = Debug;
		};
		27501B911D225F5E00D38180 /* Release */ = {
			isa = XCBuildConfiguration;
			buildSettings = {
				ALWAYS_SEARCH_USER_PATHS = NO;
				CLANG_ANALYZER_NONNULL = YES;
				CLANG_CXX_LANGUAGE_STANDARD = "gnu++0x";
				CLANG_CXX_LIBRARY = "libc++";
				CLANG_ENABLE_MODULES = YES;
				CLANG_ENABLE_OBJC_ARC = YES;
				CLANG_WARN_BOOL_CONVERSION = YES;
				CLANG_WARN_CONSTANT_CONVERSION = YES;
				CLANG_WARN_DIRECT_OBJC_ISA_USAGE = YES_ERROR;
				CLANG_WARN_EMPTY_BODY = YES;
				CLANG_WARN_ENUM_CONVERSION = YES;
				CLANG_WARN_INT_CONVERSION = YES;
				CLANG_WARN_OBJC_ROOT_CLASS = YES_ERROR;
				CLANG_WARN_UNREACHABLE_CODE = YES;
				CLANG_WARN__DUPLICATE_METHOD_MATCH = YES;
				"CODE_SIGN_IDENTITY[sdk=iphoneos*]" = "iPhone Developer";
				COPY_PHASE_STRIP = NO;
				DEBUG_INFORMATION_FORMAT = "dwarf-with-dsym";
				ENABLE_NS_ASSERTIONS = NO;
				ENABLE_STRICT_OBJC_MSGSEND = YES;
				GCC_C_LANGUAGE_STANDARD = gnu99;
				GCC_NO_COMMON_BLOCKS = YES;
				GCC_WARN_64_TO_32_BIT_CONVERSION = YES;
				GCC_WARN_ABOUT_RETURN_TYPE = YES_ERROR;
				GCC_WARN_UNDECLARED_SELECTOR = YES;
				GCC_WARN_UNINITIALIZED_AUTOS = YES_AGGRESSIVE;
				GCC_WARN_UNUSED_FUNCTION = YES;
				GCC_WARN_UNUSED_VARIABLE = YES;
				IPHONEOS_DEPLOYMENT_TARGET = 9.3;
				MTL_ENABLE_DEBUG_INFO = NO;
				SDKROOT = iphoneos;
				VALIDATE_PRODUCT = YES;
			};
			name = Release;
		};
		27501B931D225F5E00D38180 /* Debug */ = {
			isa = XCBuildConfiguration;
			buildSettings = {
				ASSETCATALOG_COMPILER_APPICON_NAME = AppIcon;
				INFOPLIST_FILE = TKMoveButton/Info.plist;
				LD_RUNPATH_SEARCH_PATHS = "$(inherited) @executable_path/Frameworks";
				PRODUCT_BUNDLE_IDENTIFIER = cn.tkyle.TKMoveButton;
				PRODUCT_NAME = "$(TARGET_NAME)";
			};
			name = Debug;
		};
		27501B941D225F5E00D38180 /* Release */ = {
			isa = XCBuildConfiguration;
			buildSettings = {
				ASSETCATALOG_COMPILER_APPICON_NAME = AppIcon;
				INFOPLIST_FILE = TKMoveButton/Info.plist;
				LD_RUNPATH_SEARCH_PATHS = "$(inherited) @executable_path/Frameworks";
				PRODUCT_BUNDLE_IDENTIFIER = cn.tkyle.TKMoveButton;
				PRODUCT_NAME = "$(TARGET_NAME)";
			};
			name = Release;
		};
/* End XCBuildConfiguration section */

/* Begin XCConfigurationList section */
		27501B761D225F5D00D38180 /* Build configuration list for PBXProject "TKMoveButton" */ = {
			isa = XCConfigurationList;
			buildConfigurations = (
				27501B901D225F5E00D38180 /* Debug */,
				27501B911D225F5E00D38180 /* Release */,
			);
			defaultConfigurationIsVisible = 0;
			defaultConfigurationName = Release;
		};
		27501B921D225F5E00D38180 /* Build configuration list for PBXNativeTarget "TKMoveButton" */ = {
			isa = XCConfigurationList;
			buildConfigurations = (
				27501B931D225F5E00D38180 /* Debug */,
				27501B941D225F5E00D38180 /* Release */,
			);
			defaultConfigurationIsVisible = 0;
		};
/* End XCConfigurationList section */
	};
	rootObject = 27501B731D225F5D00D38180 /* Project object */;
}
